{
  "pins" : [
    {
      "identity" : "alamofire",
      "kind" : "remoteSourceControl",
      "location" : "https://github.com/Alamofire/Alamofire",
      "state" : {
        "revision" : "3dc6a42c7727c49bf26508e29b0a0b35f9c7e1ad",
        "version" : "5.8.1"
      }
    },
    {
      "identity" : "animatedtabbar",
      "kind" : "remoteSourceControl",
      "location" : "https://github.com/exyte/AnimatedTabBar.git",
      "state" : {
        "revision" : "f5f342227283e76c7b49371e735516bac3caef68",
        "version" : "0.1.2"
      }
    },
    {
      "identity" : "lottie-spm",
      "kind" : "remoteSourceControl",
      "location" : "https://github.com/airbnb/lottie-spm.git",
      "state" : {
        "revision" : "26d84192430ed5b104d64b8086872bb4979d65a4",
        "version" : "4.4.0"
      }
    },
    {
      "identity" : "xcdyoutubekit",
      "kind" : "remoteSourceControl",
      "location" : "https://github.com/cbg-dev-k/XCDYouTubeKit",
      "state" : {
        "revision" : "f2b1b685c375edca711cc2b229f6bf2bb4588611",
        "version" : "2.16.0"
      }
    },
    {
      "identity" : "youtubekit",
      "kind" : "remoteSourceControl",
      "location" : "https://github.com/alexeichhorn/YouTubeKit",
      "state" : {
        "revision" : "f67f4c3dd53b85a5ce94d16a246613d4dd7faa32",
        "version" : "0.2.0"
      }
    }
  ],
  "version" : 2
}
